
Microsoft Visual Studio Solution File, Format Version 12.00
# Visual Studio Version 16
VisualStudioVersion = 16.0.30011.22
MinimumVisualStudioVersion = 10.0.40219.1
Project("{FAE04EC0-301F-11D3-BF4B-00C04F79EFBC}") = "文字提取小程序", "文字提取小程序.csproj", "{F54D036D-3297-439C-A5C0-947844FFC761}"
EndProject
Global
	GlobalSection(SolutionConfigurationPlatforms) = preSolution
		Debug|Any CPU = Debug|Any CPU
		Release|Any CPU = Release|Any CPU
	EndGlobalSection
	GlobalSection(ProjectConfigurationPlatforms) = postSolution
		{F54D036D-3297-439C-A5C0-947844FFC761}.Debug|Any CPU.ActiveCfg = Debug|Any CPU
		{F54D036D-3297-439C-A5C0-947844FFC761}.Debug|Any CPU.Build.0 = Debug|Any CPU
		{F54D036D-3297-439C-A5C0-947844FFC761}.Release|Any CPU.ActiveCfg = Release|Any CPU
		{F54D036D-3297-439C-A5C0-947844FFC761}.Release|Any CPU.Build.0 = Release|Any CPU
	EndGlobalSection
	GlobalSection(SolutionProperties) = preSolution
		HideSolutionNode = FALSE
	EndGlobalSection
	GlobalSection(ExtensibilityGlobals) = postSolution
		SolutionGuid = {93E22736-5F0D-4228-BDC0-8C768DD3B50E}
	EndGlobalSection
EndGlobal
